
Microsoft Visual Studio Solution File, Format Version 12.00
# Visual Studio Version 17
VisualStudioVersion = 17.4.33213.308
MinimumVisualStudioVersion = 10.0.40219.1
Project("{8BC9CEB8-8B4A-11D0-8D11-00A0C91BC942}") = "prac3", "prac3\prac3.vcxproj", "{249E1D85-E17A-4826-81BC-9E44513C0004}"
EndProject
Global
	GlobalSection(SolutionConfigurationPlatforms) = preSolution
		Debug|x64 = Debug|x64
		Debug|x86 = Debug|x86
		Release|x64 = Release|x64
		Release|x86 = Release|x86
	EndGlobalSection
	GlobalSection(ProjectConfigurationPlatforms) = postSolution
		{249E1D85-E17A-4826-81BC-9E44513C0004}.Debug|x64.ActiveCfg = Debug|x64
		{249E1D85-E17A-4826-81BC-9E44513C0004}.Debug|x64.Build.0 = Debug|x64
		{249E1D85-E17A-4826-81BC-9E44513C0004}.Debug|x86.ActiveCfg = Debug|Win32
		{249E1D85-E17A-4826-81BC-9E44513C0004}.Debug|x86.Build.0 = Debug|Win32
		{249E1D85-E17A-4826-81BC-9E44513C0004}.Release|x64.ActiveCfg = Release|x64
		{249E1D85-E17A-4826-81BC-9E44513C0004}.Release|x64.Build.0 = Release|x64
		{249E1D85-E17A-4826-81BC-9E44513C0004}.Release|x86.ActiveCfg = Release|Win32
		{249E1D85-E17A-4826-81BC-9E44513C0004}.Release|x86.Build.0 = Release|Win32
	EndGlobalSection
	GlobalSection(SolutionProperties) = preSolution
		HideSolutionNode = FALSE
	EndGlobalSection
	GlobalSection(ExtensibilityGlobals) = postSolution
		SolutionGuid = {F572D6BD-645D-41E3-A1D0-E971E57D5C58}
	EndGlobalSection
EndGlobal
