
Microsoft Visual Studio Solution File, Format Version 12.00
# Visual Studio Version 17
VisualStudioVersion = 17.3.32922.545
MinimumVisualStudioVersion = 10.0.40219.1
Project("{FAE04EC0-301F-11D3-BF4B-00C04F79EFBC}") = "10 лекция", "10 лекция\10 лекция.csproj", "{B605D4B4-1AD5-417F-AD75-1BEBBD8D5C1E}"
EndProject
Global
	GlobalSection(SolutionConfigurationPlatforms) = preSolution
		Debug|Any CPU = Debug|Any CPU
		Release|Any CPU = Release|Any CPU
	EndGlobalSection
	GlobalSection(ProjectConfigurationPlatforms) = postSolution
		{B605D4B4-1AD5-417F-AD75-1BEBBD8D5C1E}.Debug|Any CPU.ActiveCfg = Debug|Any CPU
		{B605D4B4-1AD5-417F-AD75-1BEBBD8D5C1E}.Debug|Any CPU.Build.0 = Debug|Any CPU
		{B605D4B4-1AD5-417F-AD75-1BEBBD8D5C1E}.Release|Any CPU.ActiveCfg = Release|Any CPU
		{B605D4B4-1AD5-417F-AD75-1BEBBD8D5C1E}.Release|Any CPU.Build.0 = Release|Any CPU
	EndGlobalSection
	GlobalSection(SolutionProperties) = preSolution
		HideSolutionNode = FALSE
	EndGlobalSection
	GlobalSection(ExtensibilityGlobals) = postSolution
		SolutionGuid = {D750B3B2-32B7-4F88-85C4-F548B8634DEF}
	EndGlobalSection
EndGlobal
