
Microsoft Visual Studio Solution File, Format Version 12.00
# Visual Studio Version 17
VisualStudioVersion = 17.3.32922.545
MinimumVisualStudioVersion = 10.0.40219.1
Project("{FAE04EC0-301F-11D3-BF4B-00C04F79EFBC}") = "var", "var\var.csproj", "{762A9522-3F44-4A4B-9D0E-C109FBCF01D0}"
EndProject
Global
	GlobalSection(SolutionConfigurationPlatforms) = preSolution
		Debug|Any CPU = Debug|Any CPU
		Release|Any CPU = Release|Any CPU
	EndGlobalSection
	GlobalSection(ProjectConfigurationPlatforms) = postSolution
		{762A9522-3F44-4A4B-9D0E-C109FBCF01D0}.Debug|Any CPU.ActiveCfg = Debug|Any CPU
		{762A9522-3F44-4A4B-9D0E-C109FBCF01D0}.Debug|Any CPU.Build.0 = Debug|Any CPU
		{762A9522-3F44-4A4B-9D0E-C109FBCF01D0}.Release|Any CPU.ActiveCfg = Release|Any CPU
		{762A9522-3F44-4A4B-9D0E-C109FBCF01D0}.Release|Any CPU.Build.0 = Release|Any CPU
	EndGlobalSection
	GlobalSection(SolutionProperties) = preSolution
		HideSolutionNode = FALSE
	EndGlobalSection
	GlobalSection(ExtensibilityGlobals) = postSolution
		SolutionGuid = {E656D353-34A0-4452-B191-383899F19385}
	EndGlobalSection
EndGlobal
