
Microsoft Visual Studio Solution File, Format Version 12.00
# Visual Studio Version 17
VisualStudioVersion = 17.4.33213.308
MinimumVisualStudioVersion = 10.0.40219.1
Project("{FAE04EC0-301F-11D3-BF4B-00C04F79EFBC}") = "vpfi", "vpfi\vpfi.csproj", "{6AECADB0-CE0A-4AAB-8F4A-A53DFD383852}"
EndProject
Global
	GlobalSection(SolutionConfigurationPlatforms) = preSolution
		Debug|Any CPU = Debug|Any CPU
		Release|Any CPU = Release|Any CPU
	EndGlobalSection
	GlobalSection(ProjectConfigurationPlatforms) = postSolution
		{6AECADB0-CE0A-4AAB-8F4A-A53DFD383852}.Debug|Any CPU.ActiveCfg = Debug|Any CPU
		{6AECADB0-CE0A-4AAB-8F4A-A53DFD383852}.Debug|Any CPU.Build.0 = Debug|Any CPU
		{6AECADB0-CE0A-4AAB-8F4A-A53DFD383852}.Release|Any CPU.ActiveCfg = Release|Any CPU
		{6AECADB0-CE0A-4AAB-8F4A-A53DFD383852}.Release|Any CPU.Build.0 = Release|Any CPU
	EndGlobalSection
	GlobalSection(SolutionProperties) = preSolution
		HideSolutionNode = FALSE
	EndGlobalSection
	GlobalSection(ExtensibilityGlobals) = postSolution
		SolutionGuid = {54AAFCE4-76CC-4216-99B7-14037AA5EEED}
	EndGlobalSection
EndGlobal
