
Microsoft Visual Studio Solution File, Format Version 12.00
# Visual Studio Version 17
VisualStudioVersion = 17.4.33213.308
MinimumVisualStudioVersion = 10.0.40219.1
Project("{8BC9CEB8-8B4A-11D0-8D11-00A0C91BC942}") = "less1", "less1\less1.vcxproj", "{E61B9404-FF92-4F84-B74C-CA140023B913}"
EndProject
Global
	GlobalSection(SolutionConfigurationPlatforms) = preSolution
		Debug|x64 = Debug|x64
		Debug|x86 = Debug|x86
		Release|x64 = Release|x64
		Release|x86 = Release|x86
	EndGlobalSection
	GlobalSection(ProjectConfigurationPlatforms) = postSolution
		{E61B9404-FF92-4F84-B74C-CA140023B913}.Debug|x64.ActiveCfg = Debug|x64
		{E61B9404-FF92-4F84-B74C-CA140023B913}.Debug|x64.Build.0 = Debug|x64
		{E61B9404-FF92-4F84-B74C-CA140023B913}.Debug|x86.ActiveCfg = Debug|Win32
		{E61B9404-FF92-4F84-B74C-CA140023B913}.Debug|x86.Build.0 = Debug|Win32
		{E61B9404-FF92-4F84-B74C-CA140023B913}.Release|x64.ActiveCfg = Release|x64
		{E61B9404-FF92-4F84-B74C-CA140023B913}.Release|x64.Build.0 = Release|x64
		{E61B9404-FF92-4F84-B74C-CA140023B913}.Release|x86.ActiveCfg = Release|Win32
		{E61B9404-FF92-4F84-B74C-CA140023B913}.Release|x86.Build.0 = Release|Win32
	EndGlobalSection
	GlobalSection(SolutionProperties) = preSolution
		HideSolutionNode = FALSE
	EndGlobalSection
	GlobalSection(ExtensibilityGlobals) = postSolution
		SolutionGuid = {55332652-11AC-44FF-B57A-CD310C153CB8}
	EndGlobalSection
EndGlobal
